
Microsoft Visual Studio Solution File, Format Version 12.00
# Visual Studio Version 17
VisualStudioVersion = 17.0.31903.59
MinimumVisualStudioVersion = 10.0.40219.1
Project("{FAE04EC0-301F-11D3-BF4B-00C04F79EFBC}") = "Infrastructure", "Infrastructure\Infrastructure.csproj", "{B0CD9A0A-AD30-4495-8D43-023AFA2D2C9F}"
EndProject
Project("{FAE04EC0-301F-11D3-BF4B-00C04F79EFBC}") = "Domain", "Domain\Domain.csproj", "{5B65E1BD-CE64-4589-8017-FF6822CEBAD3}"
EndProject
Project("{FAE04EC0-301F-11D3-BF4B-00C04F79EFBC}") = "MainApp", "MainApp\MainApp.csproj", "{CAD48AD6-C1E6-4AD4-A941-94750665F0EB}"
EndProject
Global
	GlobalSection(SolutionConfigurationPlatforms) = preSolution
		Debug|Any CPU = Debug|Any CPU
		Release|Any CPU = Release|Any CPU
	EndGlobalSection
	GlobalSection(SolutionProperties) = preSolution
		HideSolutionNode = FALSE
	EndGlobalSection
	GlobalSection(ProjectConfigurationPlatforms) = postSolution
		{B0CD9A0A-AD30-4495-8D43-023AFA2D2C9F}.Debug|Any CPU.ActiveCfg = Debug|Any CPU
		{B0CD9A0A-AD30-4495-8D43-023AFA2D2C9F}.Debug|Any CPU.Build.0 = Debug|Any CPU
		{B0CD9A0A-AD30-4495-8D43-023AFA2D2C9F}.Release|Any CPU.ActiveCfg = Release|Any CPU
		{B0CD9A0A-AD30-4495-8D43-023AFA2D2C9F}.Release|Any CPU.Build.0 = Release|Any CPU
		{5B65E1BD-CE64-4589-8017-FF6822CEBAD3}.Debug|Any CPU.ActiveCfg = Debug|Any CPU
		{5B65E1BD-CE64-4589-8017-FF6822CEBAD3}.Debug|Any CPU.Build.0 = Debug|Any CPU
		{5B65E1BD-CE64-4589-8017-FF6822CEBAD3}.Release|Any CPU.ActiveCfg = Release|Any CPU
		{5B65E1BD-CE64-4589-8017-FF6822CEBAD3}.Release|Any CPU.Build.0 = Release|Any CPU
		{CAD48AD6-C1E6-4AD4-A941-94750665F0EB}.Debug|Any CPU.ActiveCfg = Debug|Any CPU
		{CAD48AD6-C1E6-4AD4-A941-94750665F0EB}.Debug|Any CPU.Build.0 = Debug|Any CPU
		{CAD48AD6-C1E6-4AD4-A941-94750665F0EB}.Release|Any CPU.ActiveCfg = Release|Any CPU
		{CAD48AD6-C1E6-4AD4-A941-94750665F0EB}.Release|Any CPU.Build.0 = Release|Any CPU
	EndGlobalSection
EndGlobal
